
Microsoft Visual Studio Solution File, Format Version 12.00
# Visual Studio Version 16
VisualStudioVersion = 16.0.30114.105
MinimumVisualStudioVersion = 10.0.40219.1
Project("{2150E333-8FDC-42A3-9474-1A3956D46DE8}") = "Identity", "Identity", "{A19B6071-FF25-4DF9-A2AB-AC00E6FA1B67}"
EndProject
Project("{FAE04EC0-301F-11D3-BF4B-00C04F79EFBC}") = "Identity.Api", "Identity\Identity.Api\Identity.Api.csproj", "{676DFB5B-C444-4DA1-B6DF-27290421CE7F}"
EndProject
Project("{FAE04EC0-301F-11D3-BF4B-00C04F79EFBC}") = "Identity.Domain", "Identity\Identity.Domain\Identity.Domain.csproj", "{8B42BA6A-C1D8-4920-878B-D288B2C80154}"
EndProject
Project("{FAE04EC0-301F-11D3-BF4B-00C04F79EFBC}") = "Identity.Infrastructure", "Identity\Identity.Infrastructure\Identity.Infrastructure.csproj", "{F809F006-D215-4F7E-AF4B-0710DA20533A}"
EndProject
Project("{2150E333-8FDC-42A3-9474-1A3956D46DE8}") = "BuildingBlocks", "BuildingBlocks", "{630E7E34-121F-4C9B-960A-7C11B3208756}"
EndProject
Project("{2150E333-8FDC-42A3-9474-1A3956D46DE8}") = "EventBus", "EventBus", "{9826DA49-0A91-492E-B638-97A956B2913D}"
EndProject
Project("{FAE04EC0-301F-11D3-BF4B-00C04F79EFBC}") = "EventBus", "EventBus\EventBus.csproj", "{C51F10A3-50F4-46E8-BA41-33A45B7A5A8D}"
EndProject
Project("{FAE04EC0-301F-11D3-BF4B-00C04F79EFBC}") = "IntegrationEventLogEF", "IntegrationEventLogEF\IntegrationEventLogEF.csproj", "{BCE0A98B-4952-42D6-82DF-1339A4E2A6FF}"
EndProject
Global
	GlobalSection(SolutionConfigurationPlatforms) = preSolution
		Debug|Any CPU = Debug|Any CPU
		Debug|x64 = Debug|x64
		Debug|x86 = Debug|x86
		Release|Any CPU = Release|Any CPU
		Release|x64 = Release|x64
		Release|x86 = Release|x86
	EndGlobalSection
	GlobalSection(ProjectConfigurationPlatforms) = postSolution
		{676DFB5B-C444-4DA1-B6DF-27290421CE7F}.Debug|Any CPU.ActiveCfg = Debug|Any CPU
		{676DFB5B-C444-4DA1-B6DF-27290421CE7F}.Debug|Any CPU.Build.0 = Debug|Any CPU
		{676DFB5B-C444-4DA1-B6DF-27290421CE7F}.Debug|x64.ActiveCfg = Debug|Any CPU
		{676DFB5B-C444-4DA1-B6DF-27290421CE7F}.Debug|x64.Build.0 = Debug|Any CPU
		{676DFB5B-C444-4DA1-B6DF-27290421CE7F}.Debug|x86.ActiveCfg = Debug|Any CPU
		{676DFB5B-C444-4DA1-B6DF-27290421CE7F}.Debug|x86.Build.0 = Debug|Any CPU
		{676DFB5B-C444-4DA1-B6DF-27290421CE7F}.Release|Any CPU.ActiveCfg = Release|Any CPU
		{676DFB5B-C444-4DA1-B6DF-27290421CE7F}.Release|Any CPU.Build.0 = Release|Any CPU
		{676DFB5B-C444-4DA1-B6DF-27290421CE7F}.Release|x64.ActiveCfg = Release|Any CPU
		{676DFB5B-C444-4DA1-B6DF-27290421CE7F}.Release|x64.Build.0 = Release|Any CPU
		{676DFB5B-C444-4DA1-B6DF-27290421CE7F}.Release|x86.ActiveCfg = Release|Any CPU
		{676DFB5B-C444-4DA1-B6DF-27290421CE7F}.Release|x86.Build.0 = Release|Any CPU
		{8B42BA6A-C1D8-4920-878B-D288B2C80154}.Debug|Any CPU.ActiveCfg = Debug|Any CPU
		{8B42BA6A-C1D8-4920-878B-D288B2C80154}.Debug|Any CPU.Build.0 = Debug|Any CPU
		{8B42BA6A-C1D8-4920-878B-D288B2C80154}.Debug|x64.ActiveCfg = Debug|Any CPU
		{8B42BA6A-C1D8-4920-878B-D288B2C80154}.Debug|x64.Build.0 = Debug|Any CPU
		{8B42BA6A-C1D8-4920-878B-D288B2C80154}.Debug|x86.ActiveCfg = Debug|Any CPU
		{8B42BA6A-C1D8-4920-878B-D288B2C80154}.Debug|x86.Build.0 = Debug|Any CPU
		{8B42BA6A-C1D8-4920-878B-D288B2C80154}.Release|Any CPU.ActiveCfg = Release|Any CPU
		{8B42BA6A-C1D8-4920-878B-D288B2C80154}.Release|Any CPU.Build.0 = Release|Any CPU
		{8B42BA6A-C1D8-4920-878B-D288B2C80154}.Release|x64.ActiveCfg = Release|Any CPU
		{8B42BA6A-C1D8-4920-878B-D288B2C80154}.Release|x64.Build.0 = Release|Any CPU
		{8B42BA6A-C1D8-4920-878B-D288B2C80154}.Release|x86.ActiveCfg = Release|Any CPU
		{8B42BA6A-C1D8-4920-878B-D288B2C80154}.Release|x86.Build.0 = Release|Any CPU
		{F809F006-D215-4F7E-AF4B-0710DA20533A}.Debug|Any CPU.ActiveCfg = Debug|Any CPU
		{F809F006-D215-4F7E-AF4B-0710DA20533A}.Debug|Any CPU.Build.0 = Debug|Any CPU
		{F809F006-D215-4F7E-AF4B-0710DA20533A}.Debug|x64.ActiveCfg = Debug|Any CPU
		{F809F006-D215-4F7E-AF4B-0710DA20533A}.Debug|x64.Build.0 = Debug|Any CPU
		{F809F006-D215-4F7E-AF4B-0710DA20533A}.Debug|x86.ActiveCfg = Debug|Any CPU
		{F809F006-D215-4F7E-AF4B-0710DA20533A}.Debug|x86.Build.0 = Debug|Any CPU
		{F809F006-D215-4F7E-AF4B-0710DA20533A}.Release|Any CPU.ActiveCfg = Release|Any CPU
		{F809F006-D215-4F7E-AF4B-0710DA20533A}.Release|Any CPU.Build.0 = Release|Any CPU
		{F809F006-D215-4F7E-AF4B-0710DA20533A}.Release|x64.ActiveCfg = Release|Any CPU
		{F809F006-D215-4F7E-AF4B-0710DA20533A}.Release|x64.Build.0 = Release|Any CPU
		{F809F006-D215-4F7E-AF4B-0710DA20533A}.Release|x86.ActiveCfg = Release|Any CPU
		{F809F006-D215-4F7E-AF4B-0710DA20533A}.Release|x86.Build.0 = Release|Any CPU
		{C51F10A3-50F4-46E8-BA41-33A45B7A5A8D}.Debug|Any CPU.ActiveCfg = Debug|Any CPU
		{C51F10A3-50F4-46E8-BA41-33A45B7A5A8D}.Debug|Any CPU.Build.0 = Debug|Any CPU
		{C51F10A3-50F4-46E8-BA41-33A45B7A5A8D}.Debug|x64.ActiveCfg = Debug|Any CPU
		{C51F10A3-50F4-46E8-BA41-33A45B7A5A8D}.Debug|x64.Build.0 = Debug|Any CPU
		{C51F10A3-50F4-46E8-BA41-33A45B7A5A8D}.Debug|x86.ActiveCfg = Debug|Any CPU
		{C51F10A3-50F4-46E8-BA41-33A45B7A5A8D}.Debug|x86.Build.0 = Debug|Any CPU
		{C51F10A3-50F4-46E8-BA41-33A45B7A5A8D}.Release|Any CPU.ActiveCfg = Release|Any CPU
		{C51F10A3-50F4-46E8-BA41-33A45B7A5A8D}.Release|Any CPU.Build.0 = Release|Any CPU
		{C51F10A3-50F4-46E8-BA41-33A45B7A5A8D}.Release|x64.ActiveCfg = Release|Any CPU
		{C51F10A3-50F4-46E8-BA41-33A45B7A5A8D}.Release|x64.Build.0 = Release|Any CPU
		{C51F10A3-50F4-46E8-BA41-33A45B7A5A8D}.Release|x86.ActiveCfg = Release|Any CPU
		{C51F10A3-50F4-46E8-BA41-33A45B7A5A8D}.Release|x86.Build.0 = Release|Any CPU
		{BCE0A98B-4952-42D6-82DF-1339A4E2A6FF}.Debug|Any CPU.ActiveCfg = Debug|Any CPU
		{BCE0A98B-4952-42D6-82DF-1339A4E2A6FF}.Debug|Any CPU.Build.0 = Debug|Any CPU
		{BCE0A98B-4952-42D6-82DF-1339A4E2A6FF}.Debug|x64.ActiveCfg = Debug|Any CPU
		{BCE0A98B-4952-42D6-82DF-1339A4E2A6FF}.Debug|x64.Build.0 = Debug|Any CPU
		{BCE0A98B-4952-42D6-82DF-1339A4E2A6FF}.Debug|x86.ActiveCfg = Debug|Any CPU
		{BCE0A98B-4952-42D6-82DF-1339A4E2A6FF}.Debug|x86.Build.0 = Debug|Any CPU
		{BCE0A98B-4952-42D6-82DF-1339A4E2A6FF}.Release|Any CPU.ActiveCfg = Release|Any CPU
		{BCE0A98B-4952-42D6-82DF-1339A4E2A6FF}.Release|Any CPU.Build.0 = Release|Any CPU
		{BCE0A98B-4952-42D6-82DF-1339A4E2A6FF}.Release|x64.ActiveCfg = Release|Any CPU
		{BCE0A98B-4952-42D6-82DF-1339A4E2A6FF}.Release|x64.Build.0 = Release|Any CPU
		{BCE0A98B-4952-42D6-82DF-1339A4E2A6FF}.Release|x86.ActiveCfg = Release|Any CPU
		{BCE0A98B-4952-42D6-82DF-1339A4E2A6FF}.Release|x86.Build.0 = Release|Any CPU
	EndGlobalSection
	GlobalSection(SolutionProperties) = preSolution
		HideSolutionNode = FALSE
	EndGlobalSection
	GlobalSection(ExtensibilityGlobals) = postSolution
		SolutionGuid = {E9CFFF27-65D5-4777-9523-4A3BF4BADAB5}
	EndGlobalSection
	GlobalSection(NestedProjects) = preSolution
		{676DFB5B-C444-4DA1-B6DF-27290421CE7F} = {A19B6071-FF25-4DF9-A2AB-AC00E6FA1B67}
		{8B42BA6A-C1D8-4920-878B-D288B2C80154} = {A19B6071-FF25-4DF9-A2AB-AC00E6FA1B67}
		{F809F006-D215-4F7E-AF4B-0710DA20533A} = {A19B6071-FF25-4DF9-A2AB-AC00E6FA1B67}
		{9826DA49-0A91-492E-B638-97A956B2913D} = {630E7E34-121F-4C9B-960A-7C11B3208756}
		{C51F10A3-50F4-46E8-BA41-33A45B7A5A8D} = {9826DA49-0A91-492E-B638-97A956B2913D}
		{BCE0A98B-4952-42D6-82DF-1339A4E2A6FF} = {9826DA49-0A91-492E-B638-97A956B2913D}
	EndGlobalSection
EndGlobal
